
Microsoft Visual Studio Solution File, Format Version 12.00
# Visual Studio Version 16
VisualStudioVersion = 16.0.30114.105
MinimumVisualStudioVersion = 10.0.40219.1
Project("{FAE04EC0-301F-11D3-BF4B-00C04F79EFBC}") = "Sorting", "Sorting\Sorting.csproj", "{BCA20C33-79ED-45F3-9C0A-CFD2EF907F49}"
EndProject
Project("{FAE04EC0-301F-11D3-BF4B-00C04F79EFBC}") = "Sorting.Tests", "Sorting.Tests\Sorting.Tests.csproj", "{4410C796-D078-4B87-B967-95CFF7C65FE8}"
EndProject
Global
	GlobalSection(SolutionConfigurationPlatforms) = preSolution
		Debug|Any CPU = Debug|Any CPU
		Release|Any CPU = Release|Any CPU
	EndGlobalSection
	GlobalSection(SolutionProperties) = preSolution
		HideSolutionNode = FALSE
	EndGlobalSection
	GlobalSection(ProjectConfigurationPlatforms) = postSolution
		{BCA20C33-79ED-45F3-9C0A-CFD2EF907F49}.Debug|Any CPU.ActiveCfg = Debug|Any CPU
		{BCA20C33-79ED-45F3-9C0A-CFD2EF907F49}.Debug|Any CPU.Build.0 = Debug|Any CPU
		{BCA20C33-79ED-45F3-9C0A-CFD2EF907F49}.Release|Any CPU.ActiveCfg = Release|Any CPU
		{BCA20C33-79ED-45F3-9C0A-CFD2EF907F49}.Release|Any CPU.Build.0 = Release|Any CPU
		{4410C796-D078-4B87-B967-95CFF7C65FE8}.Debug|Any CPU.ActiveCfg = Debug|Any CPU
		{4410C796-D078-4B87-B967-95CFF7C65FE8}.Debug|Any CPU.Build.0 = Debug|Any CPU
		{4410C796-D078-4B87-B967-95CFF7C65FE8}.Release|Any CPU.ActiveCfg = Release|Any CPU
		{4410C796-D078-4B87-B967-95CFF7C65FE8}.Release|Any CPU.Build.0 = Release|Any CPU
	EndGlobalSection
EndGlobal
